// !$*UTF8*$!
{
	archiveVersion = 1;
	classes = {
	};
	objectVersion = 55;
	objects = {

/* Begin PBXBuildFile section */
		1D26AE42E82822F0B51C97D1 /* Pods_RxMemo.framework in Frameworks */ = {isa = PBXBuildFile; fileRef = FC781F72A83329C8EBBAADB5 /* Pods_RxMemo.framework */; };
		BB17E0522708DEE100A8E3F6 /* Memo.swift in Sources */ = {isa = PBXBuildFile; fileRef = BB17E0512708DEE100A8E3F6 /* Memo.swift */; };
		BB17E0542708E02100A8E3F6 /* MemoStorageType.swift in Sources */ = {isa = PBXBuildFile; fileRef = BB17E0532708E02100A8E3F6 /* MemoStorageType.swift */; };
		BB17E0582708E0F900A8E3F6 /* MemoryStorage.swift in Sources */ = {isa = PBXBuildFile; fileRef = BB17E0572708E0F900A8E3F6 /* MemoryStorage.swift */; };
		BBCAD2FA2708D9C8009AD372 /* AppDelegate.swift in Sources */ = {isa = PBXBuildFile; fileRef = BBCAD2F92708D9C8009AD372 /* AppDelegate.swift */; };
		BBCAD2FC2708D9C8009AD372 /* SceneDelegate.swift in Sources */ = {isa = PBXBuildFile; fileRef = BBCAD2FB2708D9C8009AD372 /* SceneDelegate.swift */; };
		BBCAD3012708D9C8009AD372 /* Main.storyboard in Resources */ = {isa = PBXBuildFile; fileRef = BBCAD2FF2708D9C8009AD372 /* Main.storyboard */; };
		BBCAD3042708D9C8009AD372 /* RxMemo.xcdatamodeld in Sources */ = {isa = PBXBuildFile; fileRef = BBCAD3022708D9C8009AD372 /* RxMemo.xcdatamodeld */; };
		BBCAD3062708D9C9009AD372 /* Assets.xcassets in Resources */ = {isa = PBXBuildFile; fileRef = BBCAD3052708D9C9009AD372 /* Assets.xcassets */; };
		BBCAD3092708D9C9009AD372 /* LaunchScreen.storyboard in Resources */ = {isa = PBXBuildFile; fileRef = BBCAD3072708D9C9009AD372 /* LaunchScreen.storyboard */; };
/* End PBXBuildFile section */

/* Begin PBXFileReference section */
		0CD399D59B888AA837199476 /* Pods-RxMemo.debug.xcconfig */ = {isa = PBXFileReference; includeInIndex = 1; lastKnownFileType = text.xcconfig; name = "Pods-RxMemo.debug.xcconfig"; path = "Target Support Files/Pods-RxMemo/Pods-RxMemo.debug.xcconfig"; sourceTree = "<group>"; };
		1757F292C95E390C4A8E36C4 /* Pods-RxMemo.release.xcconfig */ = {isa = PBXFileReference; includeInIndex = 1; lastKnownFileType = text.xcconfig; name = "Pods-RxMemo.release.xcconfig"; path = "Target Support Files/Pods-RxMemo/Pods-RxMemo.release.xcconfig"; sourceTree = "<group>"; };
		BB17E0512708DEE100A8E3F6 /* Memo.swift */ = {isa = PBXFileReference; lastKnownFileType = sourcecode.swift; path = Memo.swift; sourceTree = "<group>"; };
		BB17E0532708E02100A8E3F6 /* MemoStorageType.swift */ = {isa = PBXFileReference; lastKnownFileType = sourcecode.swift; path = MemoStorageType.swift; sourceTree = "<group>"; };
		BB17E0572708E0F900A8E3F6 /* MemoryStorage.swift */ = {isa = PBXFileReference; lastKnownFileType = sourcecode.swift; path = MemoryStorage.swift; sourceTree = "<group>"; };
		BBCAD2F62708D9C8009AD372 /* RxMemo.app */ = {isa = PBXFileReference; explicitFileType = wrapper.application; includeInIndex = 0; path = RxMemo.app; sourceTree = BUILT_PRODUCTS_DIR; };
		BBCAD2F92708D9C8009AD372 /* AppDelegate.swift */ = {isa = PBXFileReference; lastKnownFileType = sourcecode.swift; path = AppDelegate.swift; sourceTree = "<group>"; };
		BBCAD2FB2708D9C8009AD372 /* SceneDelegate.swift */ = {isa = PBXFileReference; lastKnownFileType = sourcecode.swift; path = SceneDelegate.swift; sourceTree = "<group>"; };
		BBCAD3002708D9C8009AD372 /* Base */ = {isa = PBXFileReference; lastKnownFileType = file.storyboard; name = Base; path = Base.lproj/Main.storyboard; sourceTree = "<group>"; };
		BBCAD3032708D9C8009AD372 /* RxMemo.xcdatamodel */ = {isa = PBXFileReference; lastKnownFileType = wrapper.xcdatamodel; path = RxMemo.xcdatamodel; sourceTree = "<group>"; };
		BBCAD3052708D9C9009AD372 /* Assets.xcassets */ = {isa = PBXFileReference; lastKnownFileType = folder.assetcatalog; path = Assets.xcassets; sourceTree = "<group>"; };
		BBCAD3082708D9C9009AD372 /* Base */ = {isa = PBXFileReference; lastKnownFileType = file.storyboard; name = Base; path = Base.lproj/LaunchScreen.storyboard; sourceTree = "<group>"; };
		BBCAD30A2708D9C9009AD372 /* Info.plist */ = {isa = PBXFileReference; lastKnownFileType = text.plist.xml; path = Info.plist; sourceTree = "<group>"; };
		FC781F72A83329C8EBBAADB5 /* Pods_RxMemo.framework */ = {isa = PBXFileReference; explicitFileType = wrapper.framework; includeInIndex = 0; path = Pods_RxMemo.framework; sourceTree = BUILT_PRODUCTS_DIR; };
/* End PBXFileReference section */

/* Begin PBXFrameworksBuildPhase section */
		BBCAD2F32708D9C8009AD372 /* Frameworks */ = {
			isa = PBXFrameworksBuildPhase;
			buildActionMask = 2147483647;
			files = (
				1D26AE42E82822F0B51C97D1 /* Pods_RxMemo.framework in Frameworks */,
			);
			runOnlyForDeploymentPostprocessing = 0;
		};
/* End PBXFrameworksBuildPhase section */

/* Begin PBXGroup section */
		AD6215B1EFCF296D185366CA /* Pods */ = {
			isa = PBXGroup;
			children = (
				0CD399D59B888AA837199476 /* Pods-RxMemo.debug.xcconfig */,
				1757F292C95E390C4A8E36C4 /* Pods-RxMemo.release.xcconfig */,
			);
			path = Pods;
			sourceTree = "<group>";
		};
		BB17E04B2708DD5100A8E3F6 /* Model */ = {
			isa = PBXGroup;
			children = (
				BB17E0512708DEE100A8E3F6 /* Memo.swift */,
			);
			path = Model;
			sourceTree = "<group>";
		};
		BB17E04C2708DD6400A8E3F6 /* ViewController */ = {
			isa = PBXGroup;
			children = (
				BBCAD2FF2708D9C8009AD372 /* Main.storyboard */,
				BBCAD3072708D9C9009AD372 /* LaunchScreen.storyboard */,
			);
			path = ViewController;
			sourceTree = "<group>";
		};
		BB17E04D2708DD7900A8E3F6 /* ViewModel */ = {
			isa = PBXGroup;
			children = (
			);
			path = ViewModel;
			sourceTree = "<group>";
		};
		BB17E04E2708DD8F00A8E3F6 /* Service */ = {
			isa = PBXGroup;
			children = (
				BB17E0562708E0CE00A8E3F6 /* CoreDataStorage */,
				BB17E0552708E0C000A8E3F6 /* MemoStorage */,
				BB17E0532708E02100A8E3F6 /* MemoStorageType.swift */,
			);
			path = Service;
			sourceTree = "<group>";
		};
		BB17E0502708DDB400A8E3F6 /* Scene */ = {
			isa = PBXGroup;
			children = (
			);
			path = Scene;
			sourceTree = "<group>";
		};
		BB17E0552708E0C000A8E3F6 /* MemoStorage */ = {
			isa = PBXGroup;
			children = (
				BB17E0572708E0F900A8E3F6 /* MemoryStorage.swift */,
			);
			path = MemoStorage;
			sourceTree = "<group>";
		};
		BB17E0562708E0CE00A8E3F6 /* CoreDataStorage */ = {
			isa = PBXGroup;
			children = (
				BBCAD3022708D9C8009AD372 /* RxMemo.xcdatamodeld */,
			);
			path = CoreDataStorage;
			sourceTree = "<group>";
		};
		BBCAD2ED2708D9C8009AD372 = {
			isa = PBXGroup;
			children = (
				BBCAD2F82708D9C8009AD372 /* RxMemo */,
				BBCAD2F72708D9C8009AD372 /* Products */,
				AD6215B1EFCF296D185366CA /* Pods */,
				D19B63E582D43B33F4347BA6 /* Frameworks */,
			);
			sourceTree = "<group>";
		};
		BBCAD2F72708D9C8009AD372 /* Products */ = {
			isa = PBXGroup;
			children = (
				BBCAD2F62708D9C8009AD372 /* RxMemo.app */,
			);
			name = Products;
			sourceTree = "<group>";
		};
		BBCAD2F82708D9C8009AD372 /* RxMemo */ = {
			isa = PBXGroup;
			children = (
				BB17E0502708DDB400A8E3F6 /* Scene */,
				BB17E04E2708DD8F00A8E3F6 /* Service */,
				BB17E04D2708DD7900A8E3F6 /* ViewModel */,
				BB17E04C2708DD6400A8E3F6 /* ViewController */,
				BB17E04B2708DD5100A8E3F6 /* Model */,
				BBCAD2F92708D9C8009AD372 /* AppDelegate.swift */,
				BBCAD2FB2708D9C8009AD372 /* SceneDelegate.swift */,
				BBCAD3052708D9C9009AD372 /* Assets.xcassets */,
				BBCAD30A2708D9C9009AD372 /* Info.plist */,
			);
			path = RxMemo;
			sourceTree = "<group>";
		};
		D19B63E582D43B33F4347BA6 /* Frameworks */ = {
			isa = PBXGroup;
			children = (
				FC781F72A83329C8EBBAADB5 /* Pods_RxMemo.framework */,
			);
			name = Frameworks;
			sourceTree = "<group>";
		};
/* End PBXGroup section */

/* Begin PBXNativeTarget section */
		BBCAD2F52708D9C8009AD372 /* RxMemo */ = {
			isa = PBXNativeTarget;
			buildConfigurationList = BBCAD30D2708D9C9009AD372 /* Build configuration list for PBXNativeTarget "RxMemo" */;
			buildPhases = (
				EFCBC721D84486B6B6849508 /* [CP] Check Pods Manifest.lock */,
				BBCAD2F22708D9C8009AD372 /* Sources */,
				BBCAD2F32708D9C8009AD372 /* Frameworks */,
				BBCAD2F42708D9C8009AD372 /* Resources */,
				6F93FC7261B420580BEFCBB5 /* [CP] Embed Pods Frameworks */,
			);
			buildRules = (
			);
			dependencies = (
			);
			name = RxMemo;
			productName = RxMemo;
			productReference = BBCAD2F62708D9C8009AD372 /* RxMemo.app */;
			productType = "com.apple.product-type.application";
		};
/* End PBXNativeTarget section */

/* Begin PBXProject section */
		BBCAD2EE2708D9C8009AD372 /* Project object */ = {
			isa = PBXProject;
			attributes = {
				BuildIndependentTargetsInParallel = 1;
				LastSwiftUpdateCheck = 1300;
				LastUpgradeCheck = 1300;
				TargetAttributes = {
					BBCAD2F52708D9C8009AD372 = {
						CreatedOnToolsVersion = 13.0;
					};
				};
			};
			buildConfigurationList = BBCAD2F12708D9C8009AD372 /* Build configuration list for PBXProject "RxMemo" */;
			compatibilityVersion = "Xcode 13.0";
			developmentRegion = en;
			hasScannedForEncodings = 0;
			knownRegions = (
				en,
				Base,
			);
			mainGroup = BBCAD2ED2708D9C8009AD372;
			productRefGroup = BBCAD2F72708D9C8009AD372 /* Products */;
			projectDirPath = "";
			projectRoot = "";
			targets = (
				BBCAD2F52708D9C8009AD372 /* RxMemo */,
			);
		};
/* End PBXProject section */

/* Begin PBXResourcesBuildPhase section */
		BBCAD2F42708D9C8009AD372 /* Resources */ = {
			isa = PBXResourcesBuildPhase;
			buildActionMask = 2147483647;
			files = (
				BBCAD3092708D9C9009AD372 /* LaunchScreen.storyboard in Resources */,
				BBCAD3062708D9C9009AD372 /* Assets.xcassets in Resources */,
				BBCAD3012708D9C8009AD372 /* Main.storyboard in Resources */,
			);
			runOnlyForDeploymentPostprocessing = 0;
		};
/* End PBXResourcesBuildPhase section */

/* Begin PBXShellScriptBuildPhase section */
		6F93FC7261B420580BEFCBB5 /* [CP] Embed Pods Frameworks */ = {
			isa = PBXShellScriptBuildPhase;
			buildActionMask = 2147483647;
			files = (
			);
			inputFileListPaths = (
				"${PODS_ROOT}/Target Support Files/Pods-RxMemo/Pods-RxMemo-frameworks-${CONFIGURATION}-input-files.xcfilelist",
			);
			name = "[CP] Embed Pods Frameworks";
			outputFileListPaths = (
				"${PODS_ROOT}/Target Support Files/Pods-RxMemo/Pods-RxMemo-frameworks-${CONFIGURATION}-output-files.xcfilelist",
			);
			runOnlyForDeploymentPostprocessing = 0;
			shellPath = /bin/sh;
			shellScript = "\"${PODS_ROOT}/Target Support Files/Pods-RxMemo/Pods-RxMemo-frameworks.sh\"\n";
			showEnvVarsInLog = 0;
		};
		EFCBC721D84486B6B6849508 /* [CP] Check Pods Manifest.lock */ = {
			isa = PBXShellScriptBuildPhase;
			buildActionMask = 2147483647;
			files = (
			);
			inputFileListPaths = (
			);
			inputPaths = (
				"${PODS_PODFILE_DIR_PATH}/Podfile.lock",
				"${PODS_ROOT}/Manifest.lock",
			);
			name = "[CP] Check Pods Manifest.lock";
			outputFileListPaths = (
			);
			outputPaths = (
				"$(DERIVED_FILE_DIR)/Pods-RxMemo-checkManifestLockResult.txt",
			);
			runOnlyForDeploymentPostprocessing = 0;
			shellPath = /bin/sh;
			shellScript = "diff \"${PODS_PODFILE_DIR_PATH}/Podfile.lock\" \"${PODS_ROOT}/Manifest.lock\" > /dev/null\nif [ $? != 0 ] ; then\n    # print error to STDERR\n    echo \"error: The sandbox is not in sync with the Podfile.lock. Run 'pod install' or update your CocoaPods installation.\" >&2\n    exit 1\nfi\n# This output is used by Xcode 'outputs' to avoid re-running this script phase.\necho \"SUCCESS\" > \"${SCRIPT_OUTPUT_FILE_0}\"\n";
			showEnvVarsInLog = 0;
		};
/* End PBXShellScriptBuildPhase section */

/* Begin PBXSourcesBuildPhase section */
		BBCAD2F22708D9C8009AD372 /* Sources */ = {
			isa = PBXSourcesBuildPhase;
			buildActionMask = 2147483647;
			files = (
				BB17E0582708E0F900A8E3F6 /* MemoryStorage.swift in Sources */,
				BBCAD2FA2708D9C8009AD372 /* AppDelegate.swift in Sources */,
				BB17E0542708E02100A8E3F6 /* MemoStorageType.swift in Sources */,
				BBCAD2FC2708D9C8009AD372 /* SceneDelegate.swift in Sources */,
				BBCAD3042708D9C8009AD372 /* RxMemo.xcdatamodeld in Sources */,
				BB17E0522708DEE100A8E3F6 /* Memo.swift in Sources */,
			);
			runOnlyForDeploymentPostprocessing = 0;
		};
/* End PBXSourcesBuildPhase section */

/* Begin PBXVariantGroup section */
		BBCAD2FF2708D9C8009AD372 /* Main.storyboard */ = {
			isa = PBXVariantGroup;
			children = (
				BBCAD3002708D9C8009AD372 /* Base */,
			);
			name = Main.storyboard;
			sourceTree = "<group>";
		};
		BBCAD3072708D9C9009AD372 /* LaunchScreen.storyboard */ = {
			isa = PBXVariantGroup;
			children = (
				BBCAD3082708D9C9009AD372 /* Base */,
			);
			name = LaunchScreen.storyboard;
			sourceTree = "<group>";
		};
/* End PBXVariantGroup section */

/* Begin XCBuildConfiguration section */
		BBCAD30B2708D9C9009AD372 /* Debug */ = {
			isa = XCBuildConfiguration;
			buildSettings = {
				ALWAYS_SEARCH_USER_PATHS = NO;
				CLANG_ANALYZER_NONNULL = YES;
				CLANG_ANALYZER_NUMBER_OBJECT_CONVERSION = YES_AGGRESSIVE;
				CLANG_CXX_LANGUAGE_STANDARD = "gnu++17";
				CLANG_CXX_LIBRARY = "libc++";
				CLANG_ENABLE_MODULES = YES;
				CLANG_ENABLE_OBJC_ARC = YES;
				CLANG_ENABLE_OBJC_WEAK = YES;
				CLANG_WARN_BLOCK_CAPTURE_AUTORELEASING = YES;
				CLANG_WARN_BOOL_CONVERSION = YES;
				CLANG_WARN_COMMA = YES;
				CLANG_WARN_CONSTANT_CONVERSION = YES;
				CLANG_WARN_DEPRECATED_OBJC_IMPLEMENTATIONS = YES;
				CLANG_WARN_DIRECT_OBJC_ISA_USAGE = YES_ERROR;
				CLANG_WARN_DOCUMENTATION_COMMENTS = YES;
				CLANG_WARN_EMPTY_BODY = YES;
				CLANG_WARN_ENUM_CONVERSION = YES;
				CLANG_WARN_INFINITE_RECURSION = YES;
				CLANG_WARN_INT_CONVERSION = YES;
				CLANG_WARN_NON_LITERAL_NULL_CONVERSION = YES;
				CLANG_WARN_OBJC_IMPLICIT_RETAIN_SELF = YES;
				CLANG_WARN_OBJC_LITERAL_CONVERSION = YES;
				CLANG_WARN_OBJC_ROOT_CLASS = YES_ERROR;
				CLANG_WARN_QUOTED_INCLUDE_IN_FRAMEWORK_HEADER = YES;
				CLANG_WARN_RANGE_LOOP_ANALYSIS = YES;
				CLANG_WARN_STRICT_PROTOTYPES = YES;
				CLANG_WARN_SUSPICIOUS_MOVE = YES;
				CLANG_WARN_UNGUARDED_AVAILABILITY = YES_AGGRESSIVE;
				CLANG_WARN_UNREACHABLE_CODE = YES;
				CLANG_WARN__DUPLICATE_METHOD_MATCH = YES;
				COPY_PHASE_STRIP = NO;
				DEBUG_INFORMATION_FORMAT = dwarf;
				ENABLE_STRICT_OBJC_MSGSEND = YES;
				ENABLE_TESTABILITY = YES;
				GCC_C_LANGUAGE_STANDARD = gnu11;
				GCC_DYNAMIC_NO_PIC = NO;
				GCC_NO_COMMON_BLOCKS = YES;
				GCC_OPTIMIZATION_LEVEL = 0;
				GCC_PREPROCESSOR_DEFINITIONS = (
					"DEBUG=1",
					"$(inherited)",
				);
				GCC_WARN_64_TO_32_BIT_CONVERSION = YES;
				GCC_WARN_ABOUT_RETURN_TYPE = YES_ERROR;
				GCC_WARN_UNDECLARED_SELECTOR = YES;
				GCC_WARN_UNINITIALIZED_AUTOS = YES_AGGRESSIVE;
				GCC_WARN_UNUSED_FUNCTION = YES;
				GCC_WARN_UNUSED_VARIABLE = YES;
				IPHONEOS_DEPLOYMENT_TARGET = 10.0;
				MTL_ENABLE_DEBUG_INFO = INCLUDE_SOURCE;
				MTL_FAST_MATH = YES;
				ONLY_ACTIVE_ARCH = YES;
				SDKROOT = iphoneos;
				SWIFT_ACTIVE_COMPILATION_CONDITIONS = DEBUG;
				SWIFT_OPTIMIZATION_LEVEL = "-Onone";
			};
			name = Debug;
		};
		BBCAD30C2708D9C9009AD372 /* Release */ = {
			isa = XCBuildConfiguration;
			buildSettings = {
				ALWAYS_SEARCH_USER_PATHS = NO;
				CLANG_ANALYZER_NONNULL = YES;
				CLANG_ANALYZER_NUMBER_OBJECT_CONVERSION = YES_AGGRESSIVE;
				CLANG_CXX_LANGUAGE_STANDARD = "gnu++17";
				CLANG_CXX_LIBRARY = "libc++";
				CLANG_ENABLE_MODULES = YES;
				CLANG_ENABLE_OBJC_ARC = YES;
				CLANG_ENABLE_OBJC_WEAK = YES;
				CLANG_WARN_BLOCK_CAPTURE_AUTORELEASING = YES;
				CLANG_WARN_BOOL_CONVERSION = YES;
				CLANG_WARN_COMMA = YES;
				CLANG_WARN_CONSTANT_CONVERSION = YES;
				CLANG_WARN_DEPRECATED_OBJC_IMPLEMENTATIONS = YES;
				CLANG_WARN_DIRECT_OBJC_ISA_USAGE = YES_ERROR;
				CLANG_WARN_DOCUMENTATION_COMMENTS = YES;
				CLANG_WARN_EMPTY_BODY = YES;
				CLANG_WARN_ENUM_CONVERSION = YES;
				CLANG_WARN_INFINITE_RECURSION = YES;
				CLANG_WARN_INT_CONVERSION = YES;
				CLANG_WARN_NON_LITERAL_NULL_CONVERSION = YES;
				CLANG_WARN_OBJC_IMPLICIT_RETAIN_SELF = YES;
				CLANG_WARN_OBJC_LITERAL_CONVERSION = YES;
				CLANG_WARN_OBJC_ROOT_CLASS = YES_ERROR;
				CLANG_WARN_QUOTED_INCLUDE_IN_FRAMEWORK_HEADER = YES;
				CLANG_WARN_RANGE_LOOP_ANALYSIS = YES;
				CLANG_WARN_STRICT_PROTOTYPES = YES;
				CLANG_WARN_SUSPICIOUS_MOVE = YES;
				CLANG_WARN_UNGUARDED_AVAILABILITY = YES_AGGRESSIVE;
				CLANG_WARN_UNREACHABLE_CODE = YES;
				CLANG_WARN__DUPLICATE_METHOD_MATCH = YES;
				COPY_PHASE_STRIP = NO;
				DEBUG_INFORMATION_FORMAT = "dwarf-with-dsym";
				ENABLE_NS_ASSERTIONS = NO;
				ENABLE_STRICT_OBJC_MSGSEND = YES;
				GCC_C_LANGUAGE_STANDARD = gnu11;
				GCC_NO_COMMON_BLOCKS = YES;
				GCC_WARN_64_TO_32_BIT_CONVERSION = YES;
				GCC_WARN_ABOUT_RETURN_TYPE = YES_ERROR;
				GCC_WARN_UNDECLARED_SELECTOR = YES;
				GCC_WARN_UNINITIALIZED_AUTOS = YES_AGGRESSIVE;
				GCC_WARN_UNUSED_FUNCTION = YES;
				GCC_WARN_UNUSED_VARIABLE = YES;
				IPHONEOS_DEPLOYMENT_TARGET = 10.0;
				MTL_ENABLE_DEBUG_INFO = NO;
				MTL_FAST_MATH = YES;
				SDKROOT = iphoneos;
				SWIFT_COMPILATION_MODE = wholemodule;
				SWIFT_OPTIMIZATION_LEVEL = "-O";
				VALIDATE_PRODUCT = YES;
			};
			name = Release;
		};
		BBCAD30E2708D9C9009AD372 /* Debug */ = {
			isa = XCBuildConfiguration;
			baseConfigurationReference = 0CD399D59B888AA837199476 /* Pods-RxMemo.debug.xcconfig */;
			buildSettings = {
				ASSETCATALOG_COMPILER_APPICON_NAME = AppIcon;
				ASSETCATALOG_COMPILER_GLOBAL_ACCENT_COLOR_NAME = AccentColor;
				CODE_SIGN_STYLE = Automatic;
				CURRENT_PROJECT_VERSION = 1;
				GENERATE_INFOPLIST_FILE = YES;
				INFOPLIST_FILE = RxMemo/Info.plist;
				INFOPLIST_KEY_UIApplicationSupportsIndirectInputEvents = YES;
				INFOPLIST_KEY_UILaunchStoryboardName = LaunchScreen;
				INFOPLIST_KEY_UIMainStoryboardFile = Main;
				INFOPLIST_KEY_UISupportedInterfaceOrientations_iPad = "UIInterfaceOrientationPortrait UIInterfaceOrientationPortraitUpsideDown UIInterfaceOrientationLandscapeLeft UIInterfaceOrientationLandscapeRight";
				INFOPLIST_KEY_UISupportedInterfaceOrientations_iPhone = "UIInterfaceOrientationPortrait UIInterfaceOrientationLandscapeLeft UIInterfaceOrientationLandscapeRight";
				LD_RUNPATH_SEARCH_PATHS = (
					"$(inherited)",
					"@executable_path/Frameworks",
				);
				MARKETING_VERSION = 1.0;
				PRODUCT_BUNDLE_IDENTIFIER = com.kxcoding.meng.RxMemo;
				PRODUCT_NAME = "$(TARGET_NAME)";
				SWIFT_EMIT_LOC_STRINGS = YES;
				SWIFT_VERSION = 5.0;
				TARGETED_DEVICE_FAMILY = "1,2";
			};
			name = Debug;
		};
		BBCAD30F2708D9C9009AD372 /* Release */ = {
			isa = XCBuildConfiguration;
			baseConfigurationReference = 1757F292C95E390C4A8E36C4 /* Pods-RxMemo.release.xcconfig */;
			buildSettings = {
				ASSETCATALOG_COMPILER_APPICON_NAME = AppIcon;
				ASSETCATALOG_COMPILER_GLOBAL_ACCENT_COLOR_NAME = AccentColor;
				CODE_SIGN_STYLE = Automatic;
				CURRENT_PROJECT_VERSION = 1;
				GENERATE_INFOPLIST_FILE = YES;
				INFOPLIST_FILE = RxMemo/Info.plist;
				INFOPLIST_KEY_UIApplicationSupportsIndirectInputEvents = YES;
				INFOPLIST_KEY_UILaunchStoryboardName = LaunchScreen;
				INFOPLIST_KEY_UIMainStoryboardFile = Main;
				INFOPLIST_KEY_UISupportedInterfaceOrientations_iPad = "UIInterfaceOrientationPortrait UIInterfaceOrientationPortraitUpsideDown UIInterfaceOrientationLandscapeLeft UIInterfaceOrientationLandscapeRight";
				INFOPLIST_KEY_UISupportedInterfaceOrientations_iPhone = "UIInterfaceOrientationPortrait UIInterfaceOrientationLandscapeLeft UIInterfaceOrientationLandscapeRight";
				LD_RUNPATH_SEARCH_PATHS = (
					"$(inherited)",
					"@executable_path/Frameworks",
				);
				MARKETING_VERSION = 1.0;
				PRODUCT_BUNDLE_IDENTIFIER = com.kxcoding.meng.RxMemo;
				PRODUCT_NAME = "$(TARGET_NAME)";
				SWIFT_EMIT_LOC_STRINGS = YES;
				SWIFT_VERSION = 5.0;
				TARGETED_DEVICE_FAMILY = "1,2";
			};
			name = Release;
		};
/* End XCBuildConfiguration section */

/* Begin XCConfigurationList section */
		BBCAD2F12708D9C8009AD372 /* Build configuration list for PBXProject "RxMemo" */ = {
			isa = XCConfigurationList;
			buildConfigurations = (
				BBCAD30B2708D9C9009AD372 /* Debug */,
				BBCAD30C2708D9C9009AD372 /* Release */,
			);
			defaultConfigurationIsVisible = 0;
			defaultConfigurationName = Release;
		};
		BBCAD30D2708D9C9009AD372 /* Build configuration list for PBXNativeTarget "RxMemo" */ = {
			isa = XCConfigurationList;
			buildConfigurations = (
				BBCAD30E2708D9C9009AD372 /* Debug */,
				BBCAD30F2708D9C9009AD372 /* Release */,
			);
			defaultConfigurationIsVisible = 0;
			defaultConfigurationName = Release;
		};
/* End XCConfigurationList section */

/* Begin XCVersionGroup section */
		BBCAD3022708D9C8009AD372 /* RxMemo.xcdatamodeld */ = {
			isa = XCVersionGroup;
			children = (
				BBCAD3032708D9C8009AD372 /* RxMemo.xcdatamodel */,
			);
			currentVersion = BBCAD3032708D9C8009AD372 /* RxMemo.xcdatamodel */;
			path = RxMemo.xcdatamodeld;
			sourceTree = "<group>";
			versionGroupType = wrapper.xcdatamodel;
		};
/* End XCVersionGroup section */
	};
	rootObject = BBCAD2EE2708D9C8009AD372 /* Project object */;
}
